
Microsoft Visual Studio Solution File, Format Version 12.00
# Visual Studio 2013
VisualStudioVersion = 12.0.21005.1
MinimumVisualStudioVersion = 10.0.40219.1
Project("{FAE04EC0-301F-11D3-BF4B-00C04F79EFBC}") = "Ergolys", "Ergolys.csproj", "{DC71C9BC-1DF4-4200-8106-A2FCCD39869C}"
EndProject
Project("{FAE04EC0-301F-11D3-BF4B-00C04F79EFBC}") = "MVC4", "..\MVC4\MVC4.csproj", "{0F25F21D-3D91-4E42-8CC8-3FD5CA11E34C}"
EndProject
Project("{FAE04EC0-301F-11D3-BF4B-00C04F79EFBC}") = "Bootstrap", "..\Bootstrap\Bootstrap.csproj", "{DF953EF9-DFA6-4187-B9F0-8637AA284DD9}"
EndProject
Project("{FAE04EC0-301F-11D3-BF4B-00C04F79EFBC}") = "DataAccess", "..\DataAccess\DataAccess.csproj", "{A6C18F90-7A02-4FA9-AEE1-4835BAA1C412}"
EndProject
Project("{FAE04EC0-301F-11D3-BF4B-00C04F79EFBC}") = "DataModel", "..\DataModel\DataModel.csproj", "{36A2AE3B-C8DA-4282-AA8C-1871E0F4222D}"
EndProject
Project("{FAE04EC0-301F-11D3-BF4B-00C04F79EFBC}") = "AccessModifiers", "AccessModifiers\AccessModifiers.csproj", "{87664D1F-CE6B-47CD-BF96-283393A2A0B5}"
EndProject
Project("{FAE04EC0-301F-11D3-BF4B-00C04F79EFBC}") = "Ergolys.UnitTest", "..\Ergolys.UnitTest\Ergolys.UnitTest.csproj", "{00C5006D-151D-42AA-B15A-DBB2D77017D9}"
EndProject
Project("{00D1A9C2-B5F0-4AF3-8072-F6C62B433612}") = "Northwind", "..\Northwind\Northwind.sqlproj", "{84E756DC-0A5C-4F4F-9FFF-E8679146DBC7}"
EndProject
Project("{FAE04EC0-301F-11D3-BF4B-00C04F79EFBC}") = "ThreadPooling", "..\ThreadPooling\ThreadPooling.csproj", "{389C7A97-5B46-4A84-8EC3-7AD5E836BA46}"
EndProject
Project("{FAE04EC0-301F-11D3-BF4B-00C04F79EFBC}") = "RestSoap", "..\RestSoap\RestSoap.csproj", "{FC8F2FFB-DFD7-41EF-9871-CA32C7F5B9F0}"
EndProject
Global
	GlobalSection(SolutionConfigurationPlatforms) = preSolution
		Debug|Any CPU = Debug|Any CPU
		Release|Any CPU = Release|Any CPU
	EndGlobalSection
	GlobalSection(ProjectConfigurationPlatforms) = postSolution
		{DC71C9BC-1DF4-4200-8106-A2FCCD39869C}.Debug|Any CPU.ActiveCfg = Debug|Any CPU
		{DC71C9BC-1DF4-4200-8106-A2FCCD39869C}.Debug|Any CPU.Build.0 = Debug|Any CPU
		{DC71C9BC-1DF4-4200-8106-A2FCCD39869C}.Release|Any CPU.ActiveCfg = Release|Any CPU
		{DC71C9BC-1DF4-4200-8106-A2FCCD39869C}.Release|Any CPU.Build.0 = Release|Any CPU
		{0F25F21D-3D91-4E42-8CC8-3FD5CA11E34C}.Debug|Any CPU.ActiveCfg = Debug|Any CPU
		{0F25F21D-3D91-4E42-8CC8-3FD5CA11E34C}.Debug|Any CPU.Build.0 = Debug|Any CPU
		{0F25F21D-3D91-4E42-8CC8-3FD5CA11E34C}.Release|Any CPU.ActiveCfg = Release|Any CPU
		{0F25F21D-3D91-4E42-8CC8-3FD5CA11E34C}.Release|Any CPU.Build.0 = Release|Any CPU
		{DF953EF9-DFA6-4187-B9F0-8637AA284DD9}.Debug|Any CPU.ActiveCfg = Debug|Any CPU
		{DF953EF9-DFA6-4187-B9F0-8637AA284DD9}.Debug|Any CPU.Build.0 = Debug|Any CPU
		{DF953EF9-DFA6-4187-B9F0-8637AA284DD9}.Release|Any CPU.ActiveCfg = Release|Any CPU
		{DF953EF9-DFA6-4187-B9F0-8637AA284DD9}.Release|Any CPU.Build.0 = Release|Any CPU
		{A6C18F90-7A02-4FA9-AEE1-4835BAA1C412}.Debug|Any CPU.ActiveCfg = Debug|Any CPU
		{A6C18F90-7A02-4FA9-AEE1-4835BAA1C412}.Debug|Any CPU.Build.0 = Debug|Any CPU
		{A6C18F90-7A02-4FA9-AEE1-4835BAA1C412}.Release|Any CPU.ActiveCfg = Release|Any CPU
		{A6C18F90-7A02-4FA9-AEE1-4835BAA1C412}.Release|Any CPU.Build.0 = Release|Any CPU
		{36A2AE3B-C8DA-4282-AA8C-1871E0F4222D}.Debug|Any CPU.ActiveCfg = Debug|Any CPU
		{36A2AE3B-C8DA-4282-AA8C-1871E0F4222D}.Debug|Any CPU.Build.0 = Debug|Any CPU
		{36A2AE3B-C8DA-4282-AA8C-1871E0F4222D}.Release|Any CPU.ActiveCfg = Release|Any CPU
		{36A2AE3B-C8DA-4282-AA8C-1871E0F4222D}.Release|Any CPU.Build.0 = Release|Any CPU
		{87664D1F-CE6B-47CD-BF96-283393A2A0B5}.Debug|Any CPU.ActiveCfg = Debug|Any CPU
		{87664D1F-CE6B-47CD-BF96-283393A2A0B5}.Debug|Any CPU.Build.0 = Debug|Any CPU
		{87664D1F-CE6B-47CD-BF96-283393A2A0B5}.Release|Any CPU.ActiveCfg = Release|Any CPU
		{87664D1F-CE6B-47CD-BF96-283393A2A0B5}.Release|Any CPU.Build.0 = Release|Any CPU
		{00C5006D-151D-42AA-B15A-DBB2D77017D9}.Debug|Any CPU.ActiveCfg = Debug|Any CPU
		{00C5006D-151D-42AA-B15A-DBB2D77017D9}.Debug|Any CPU.Build.0 = Debug|Any CPU
		{00C5006D-151D-42AA-B15A-DBB2D77017D9}.Release|Any CPU.ActiveCfg = Release|Any CPU
		{00C5006D-151D-42AA-B15A-DBB2D77017D9}.Release|Any CPU.Build.0 = Release|Any CPU
		{84E756DC-0A5C-4F4F-9FFF-E8679146DBC7}.Debug|Any CPU.ActiveCfg = Debug|Any CPU
		{84E756DC-0A5C-4F4F-9FFF-E8679146DBC7}.Debug|Any CPU.Build.0 = Debug|Any CPU
		{84E756DC-0A5C-4F4F-9FFF-E8679146DBC7}.Debug|Any CPU.Deploy.0 = Debug|Any CPU
		{84E756DC-0A5C-4F4F-9FFF-E8679146DBC7}.Release|Any CPU.ActiveCfg = Release|Any CPU
		{84E756DC-0A5C-4F4F-9FFF-E8679146DBC7}.Release|Any CPU.Build.0 = Release|Any CPU
		{84E756DC-0A5C-4F4F-9FFF-E8679146DBC7}.Release|Any CPU.Deploy.0 = Release|Any CPU
		{389C7A97-5B46-4A84-8EC3-7AD5E836BA46}.Debug|Any CPU.ActiveCfg = Debug|Any CPU
		{389C7A97-5B46-4A84-8EC3-7AD5E836BA46}.Debug|Any CPU.Build.0 = Debug|Any CPU
		{389C7A97-5B46-4A84-8EC3-7AD5E836BA46}.Release|Any CPU.ActiveCfg = Release|Any CPU
		{389C7A97-5B46-4A84-8EC3-7AD5E836BA46}.Release|Any CPU.Build.0 = Release|Any CPU
		{FC8F2FFB-DFD7-41EF-9871-CA32C7F5B9F0}.Debug|Any CPU.ActiveCfg = Debug|Any CPU
		{FC8F2FFB-DFD7-41EF-9871-CA32C7F5B9F0}.Debug|Any CPU.Build.0 = Debug|Any CPU
		{FC8F2FFB-DFD7-41EF-9871-CA32C7F5B9F0}.Release|Any CPU.ActiveCfg = Release|Any CPU
		{FC8F2FFB-DFD7-41EF-9871-CA32C7F5B9F0}.Release|Any CPU.Build.0 = Release|Any CPU
	EndGlobalSection
	GlobalSection(SolutionProperties) = preSolution
		HideSolutionNode = FALSE
	EndGlobalSection
EndGlobal
